{
  "name": "vue-echarts-v3",
  "version": "1.0.0",
  "lockfileVersion": 1,
  "requires": true,
  "dependencies": {
    "async-validator": {
      "version": "1.8.2",
      "resolved": "http://registry.npm.taobao.org/async-validator/download/async-validator-1.8.2.tgz",
      "integrity": "sha1-t3WXIm6WJC+NUxwNRq4pX2JCK6Q=",
      "requires": {
        "babel-runtime": "6.26.0"
      }
    },
    "axios": {
      "version": "0.17.1",
      "resolved": "http://registry.npm.taobao.org/axios/download/axios-0.17.1.tgz",
      "integrity": "sha1-LY4+XQvb1zJ/kbyBT1xXZg+Bgk0=",
      "requires": {
        "follow-redirects": "1.4.1",
        "is-buffer": "1.1.6"
      }
    },
    "babel-helper-vue-jsx-merge-props": {
      "version": "2.0.3",
      "resolved": "http://registry.npm.taobao.org/babel-helper-vue-jsx-merge-props/download/babel-helper-vue-jsx-merge-props-2.0.3.tgz",
      "integrity": "sha1-Iq69OzOQIyjlEyk6jkmSs4T58bY="
    },
    "babel-runtime": {
      "version": "6.26.0",
      "resolved": "http://registry.npm.taobao.org/babel-runtime/download/babel-runtime-6.26.0.tgz",
      "integrity": "sha1-llxwWGaOgrVde/4E/yM3vItWR/4=",
      "requires": {
        "core-js": "2.5.3",
        "regenerator-runtime": "0.11.1"
      }
    },
    "batch-processor": {
      "version": "1.0.0",
      "resolved": "http://registry.npm.taobao.org/batch-processor/download/batch-processor-1.0.0.tgz",
      "integrity": "sha1-dclcMrdI4IUNEMKxaPa9vpiRrOg="
    },
    "core-js": {
      "version": "2.5.3",
      "resolved": "http://registry.npm.taobao.org/core-js/download/core-js-2.5.3.tgz",
      "integrity": "sha1-isw4NFgk8W2DZbfJtCWRaOjtYD4="
    },
    "debug": {
      "version": "3.1.0",
      "resolved": "http://registry.npm.taobao.org/debug/download/debug-3.1.0.tgz",
      "integrity": "sha1-W7WgZyYotkFJVmuhaBnmFRjGcmE=",
      "requires": {
        "ms": "2.0.0"
      }
    },
    "decompress-response": {
      "version": "3.3.0",
      "resolved": "http://registry.npm.taobao.org/decompress-response/download/decompress-response-3.3.0.tgz",
      "integrity": "sha1-gKTdMjdIOEv6JICDYirt7Jgq3/M=",
      "requires": {
        "mimic-response": "1.0.0"
      }
    },
    "deepmerge": {
      "version": "1.5.2",
      "resolved": "http://registry.npm.taobao.org/deepmerge/download/deepmerge-1.5.2.tgz",
      "integrity": "sha1-EEmdhohEza1P7ghC34x/bwyVp1M="
    },
    "duplexer3": {
      "version": "0.1.4",
      "resolved": "http://registry.npm.taobao.org/duplexer3/download/duplexer3-0.1.4.tgz",
      "integrity": "sha1-7gHdHKwO08vH/b6jfcCo8c4ALOI="
    },
    "echarts": {
      "version": "4.0.2",
      "resolved": "http://registry.npm.taobao.org/echarts/download/echarts-4.0.2.tgz",
      "integrity": "sha1-xAXp5HmvmCODyK4rWUblLQWMYiA=",
      "requires": {
        "zrender": "4.0.1"
      }
    },
    "echarts-liquidfill": {
      "version": "2.0.0",
      "resolved": "http://registry.npm.taobao.org/echarts-liquidfill/download/echarts-liquidfill-2.0.0.tgz",
      "integrity": "sha1-Zebf+1rsQvxYiEQ2DVfLcjsCKHs=",
      "requires": {
        "echarts": "4.0.2",
        "zrender": "4.0.1"
      },
      "dependencies": {
        "echarts": {
          "version": "4.0.2",
          "resolved": "http://registry.npm.taobao.org/echarts/download/echarts-4.0.2.tgz",
          "integrity": "sha1-xAXp5HmvmCODyK4rWUblLQWMYiA=",
          "requires": {
            "zrender": "4.0.1"
          }
        }
      }
    },
    "element-resize-detector": {
      "version": "1.1.13",
      "resolved": "http://registry.npm.taobao.org/element-resize-detector/download/element-resize-detector-1.1.13.tgz",
      "integrity": "sha1-9hkH6YqRsa0hX5J5C8FRE99oRE0=",
      "requires": {
        "batch-processor": "1.0.0"
      }
    },
    "element-ui": {
      "version": "2.1.0",
      "resolved": "http://registry.npm.taobao.org/element-ui/download/element-ui-2.1.0.tgz",
      "integrity": "sha1-7shg49OxMeYcKXSj4rGaaJ0EDxQ=",
      "requires": {
        "async-validator": "1.8.2",
        "babel-helper-vue-jsx-merge-props": "2.0.3",
        "deepmerge": "1.5.2",
        "normalize-wheel": "1.0.1",
        "throttle-debounce": "1.0.1"
      }
    },
    "follow-redirects": {
      "version": "1.4.1",
      "resolved": "http://registry.npm.taobao.org/follow-redirects/download/follow-redirects-1.4.1.tgz",
      "integrity": "sha1-2BIPRRgZD1Wqxlu2/HuF/NZm1qo=",
      "requires": {
        "debug": "3.1.0"
      }
    },
    "get-stream": {
      "version": "3.0.0",
      "resolved": "http://registry.npm.taobao.org/get-stream/download/get-stream-3.0.0.tgz",
      "integrity": "sha1-jpQ9E1jcN1VQVOy+LtsFqhdO3hQ="
    },
    "got": {
      "version": "7.1.0",
      "resolved": "http://registry.npm.taobao.org/got/download/got-7.1.0.tgz",
      "integrity": "sha1-BUUP2ECU5rvqVvRRpDqcKJFmOFo=",
      "requires": {
        "decompress-response": "3.3.0",
        "duplexer3": "0.1.4",
        "get-stream": "3.0.0",
        "is-plain-obj": "1.1.0",
        "is-retry-allowed": "1.1.0",
        "is-stream": "1.1.0",
        "isurl": "1.0.0",
        "lowercase-keys": "1.0.0",
        "p-cancelable": "0.3.0",
        "p-timeout": "1.2.1",
        "safe-buffer": "5.1.1",
        "timed-out": "4.0.1",
        "url-parse-lax": "1.0.0",
        "url-to-options": "1.0.1"
      }
    },
    "has-symbol-support-x": {
      "version": "1.4.1",
      "resolved": "http://registry.npm.taobao.org/has-symbol-support-x/download/has-symbol-support-x-1.4.1.tgz",
      "integrity": "sha1-ZuwuN34MfXzO2wejqE13UQ/xvEw="
    },
    "has-to-string-tag-x": {
      "version": "1.4.1",
      "resolved": "http://registry.npm.taobao.org/has-to-string-tag-x/download/has-to-string-tag-x-1.4.1.tgz",
      "integrity": "sha1-oEWrOD17SyASoAFIqwql8pAETU0=",
      "requires": {
        "has-symbol-support-x": "1.4.1"
      }
    },
    "is-buffer": {
      "version": "1.1.6",
      "resolved": "http://registry.npm.taobao.org/is-buffer/download/is-buffer-1.1.6.tgz",
      "integrity": "sha1-76ouqdqg16suoTqXsritUf776L4="
    },
    "is-object": {
      "version": "1.0.1",
      "resolved": "http://registry.npm.taobao.org/is-object/download/is-object-1.0.1.tgz",
      "integrity": "sha1-iVJojF7C/9awPsyF52ngKQMINHA="
    },
    "is-plain-obj": {
      "version": "1.1.0",
      "resolved": "http://registry.npm.taobao.org/is-plain-obj/download/is-plain-obj-1.1.0.tgz",
      "integrity": "sha1-caUMhCnfync8kqOQpKA7OfzVHT4="
    },
    "is-retry-allowed": {
      "version": "1.1.0",
      "resolved": "http://registry.npm.taobao.org/is-retry-allowed/download/is-retry-allowed-1.1.0.tgz",
      "integrity": "sha1-EaBgVotnM5REAz0BJaYaINVk+zQ="
    },
    "is-stream": {
      "version": "1.1.0",
      "resolved": "http://registry.npm.taobao.org/is-stream/download/is-stream-1.1.0.tgz",
      "integrity": "sha1-EtSj3U5o4Lec6428hBc66A2RykQ="
    },
    "isurl": {
      "version": "1.0.0",
      "resolved": "http://registry.npm.taobao.org/isurl/download/isurl-1.0.0.tgz",
      "integrity": "sha1-sn9PSfPNqj6kSgpbfzRi5u3DnWc=",
      "requires": {
        "has-to-string-tag-x": "1.4.1",
        "is-object": "1.0.1"
      }
    },
    "lodash": {
      "version": "4.17.5",
      "resolved": "http://registry.npm.taobao.org/lodash/download/lodash-4.17.5.tgz",
      "integrity": "sha1-maktZcAnLevoyWtgV7yPv6O+1RE="
    },
    "lodash.debounce": {
      "version": "4.0.8",
      "resolved": "http://registry.npm.taobao.org/lodash.debounce/download/lodash.debounce-4.0.8.tgz",
      "integrity": "sha1-gteb/zCmfEAF/9XiUVMArZyk168="
    },
    "lowercase-keys": {
      "version": "1.0.0",
      "resolved": "http://registry.npm.taobao.org/lowercase-keys/download/lowercase-keys-1.0.0.tgz",
      "integrity": "sha1-TjNms55/VFfjXxMkvfb4jQv8cwY="
    },
    "mimic-response": {
      "version": "1.0.0",
      "resolved": "http://registry.npm.taobao.org/mimic-response/download/mimic-response-1.0.0.tgz",
      "integrity": "sha1-3z02Uqc/3ta5sLJBRub9BSNTRY4="
    },
    "ms": {
      "version": "2.0.0",
      "resolved": "http://registry.npm.taobao.org/ms/download/ms-2.0.0.tgz",
      "integrity": "sha1-VgiurfwAvmwpAd9fmGF4jeDVl8g="
    },
    "normalize-wheel": {
      "version": "1.0.1",
      "resolved": "http://registry.npm.taobao.org/normalize-wheel/download/normalize-wheel-1.0.1.tgz",
      "integrity": "sha1-rsiGr/2wRQcNhWRH32Ls+GFG7EU="
    },
    "p-cancelable": {
      "version": "0.3.0",
      "resolved": "http://registry.npm.taobao.org/p-cancelable/download/p-cancelable-0.3.0.tgz",
      "integrity": "sha1-ueEjgAvOu3rBOkeb4ZW1B7mNMPo="
    },
    "p-finally": {
      "version": "1.0.0",
      "resolved": "http://registry.npm.taobao.org/p-finally/download/p-finally-1.0.0.tgz",
      "integrity": "sha1-P7z7FbiZpEEjs0ttzBi3JDNqLK4="
    },
    "p-timeout": {
      "version": "1.2.1",
      "resolved": "http://registry.npm.taobao.org/p-timeout/download/p-timeout-1.2.1.tgz",
      "integrity": "sha1-XrOzU7f86Z8QGhA4iAuwVOu+o4Y=",
      "requires": {
        "p-finally": "1.0.0"
      }
    },
    "prepend-http": {
      "version": "1.0.4",
      "resolved": "http://registry.npm.taobao.org/prepend-http/download/prepend-http-1.0.4.tgz",
      "integrity": "sha1-1PRWKwzjaW5BrFLQ4ALlemNdxtw="
    },
    "regenerator-runtime": {
      "version": "0.11.1",
      "resolved": "http://registry.npm.taobao.org/regenerator-runtime/download/regenerator-runtime-0.11.1.tgz",
      "integrity": "sha1-vgWtf5v30i4Fb5cmzuUBf78Z4uk="
    },
    "safe-buffer": {
      "version": "5.1.1",
      "resolved": "http://registry.npm.taobao.org/safe-buffer/download/safe-buffer-5.1.1.tgz",
      "integrity": "sha1-iTMSr2myEj3vcfV4iQAWce6yyFM="
    },
    "throttle-debounce": {
      "version": "1.0.1",
      "resolved": "http://registry.npm.taobao.org/throttle-debounce/download/throttle-debounce-1.0.1.tgz",
      "integrity": "sha1-2tD+Ew+drzcZ/eoz3Dao5rp/MLU="
    },
    "timed-out": {
      "version": "4.0.1",
      "resolved": "http://registry.npm.taobao.org/timed-out/download/timed-out-4.0.1.tgz",
      "integrity": "sha1-8y6srFoXW+ol1/q1Zas+2HQe9W8="
    },
    "url-parse-lax": {
      "version": "1.0.0",
      "resolved": "http://registry.npm.taobao.org/url-parse-lax/download/url-parse-lax-1.0.0.tgz",
      "integrity": "sha1-evjzA2Rem9eaJy56FKxovAYJ2nM=",
      "requires": {
        "prepend-http": "1.0.4"
      }
    },
    "url-to-options": {
      "version": "1.0.1",
      "resolved": "http://registry.npm.taobao.org/url-to-options/download/url-to-options-1.0.1.tgz",
      "integrity": "sha1-FQWgOiiaSMvXpDTvuu7FBV9WM6k="
    },
    "vue": {
      "version": "2.5.13",
      "resolved": "http://registry.npm.taobao.org/vue/download/vue-2.5.13.tgz",
      "integrity": "sha1-lb0x4g7896fzkjnJqmeHzoz1eOE="
    },
    "vue-axios": {
      "version": "2.0.2",
      "resolved": "http://registry.npm.taobao.org/vue-axios/download/vue-axios-2.0.2.tgz",
      "integrity": "sha1-D+Wmnx7bCaHNbEp/iMdNL7f+F3g="
    },
    "vue-echarts-v3": {
      "version": "1.0.19",
      "resolved": "http://registry.npm.taobao.org/vue-echarts-v3/download/vue-echarts-v3-1.0.19.tgz",
      "integrity": "sha1-aBTn5Caq/tgO36XfMh21HAB4mAI=",
      "requires": {
        "element-resize-detector": "1.1.13",
        "lodash": "4.17.5"
      }
    },
    "vue-resource": {
      "version": "1.3.5",
      "resolved": "http://registry.npm.taobao.org/vue-resource/download/vue-resource-1.3.5.tgz",
      "integrity": "sha1-Ah2HE+nYanfoMWnf3Y6rYEc2mnE=",
      "requires": {
        "got": "7.1.0"
      }
    },
    "vue-router": {
      "version": "3.0.1",
      "resolved": "http://registry.npm.taobao.org/vue-router/download/vue-router-3.0.1.tgz",
      "integrity": "sha1-2bBa2cdCC6D2JtZQDWk+YAkswek="
    },
    "zrender": {
      "version": "4.0.1",
      "resolved": "http://registry.npm.taobao.org/zrender/download/zrender-4.0.1.tgz",
      "integrity": "sha1-lh53q8UELqpiS1Iw+NZzv2SCmOk="
    }
  }
}
